
Microsoft Visual Studio Solution File, Format Version 12.00
# Visual Studio Version 17
VisualStudioVersion = 17.5.33414.496
MinimumVisualStudioVersion = 10.0.40219.1
Project("{9A19103F-16F7-4668-BE54-9A1E7A4F7556}") = "BookShoppingCartMvc", "BookShoppingCartMvc\BookShoppingCartMvc.csproj", "{0B35BC9B-F9FB-4841-AB75-2F8594114014}"
EndProject
Project("{9A19103F-16F7-4668-BE54-9A1E7A4F7556}") = "BookShoppingCartMvc.Infrastructure", "BookShoppingCartMvc.Infrastructure\BookShoppingCartMvc.Infrastructure.csproj", "{43A94D4C-33BA-4834-8716-BE7FF4AB8218}"
EndProject
Project("{9A19103F-16F7-4668-BE54-9A1E7A4F7556}") = "BookShoppingCartMvc.Domain", "BookShoppingCartMvc.Domain\BookShoppingCartMvc.Domain.csproj", "{F10D748D-154A-4F0C-990F-74B1E3B130CE}"
EndProject
Project("{9A19103F-16F7-4668-BE54-9A1E7A4F7556}") = "BookShoppingCartMvc.Application", "BookShoppingCartMvc.Application\BookShoppingCartMvc.Application.csproj", "{3E64A4CE-8162-43B0-85F4-08445ACE1193}"
EndProject
Global
	GlobalSection(SolutionConfigurationPlatforms) = preSolution
		Debug|Any CPU = Debug|Any CPU
		Release|Any CPU = Release|Any CPU
	EndGlobalSection
	GlobalSection(ProjectConfigurationPlatforms) = postSolution
		{0B35BC9B-F9FB-4841-AB75-2F8594114014}.Debug|Any CPU.ActiveCfg = Debug|Any CPU
		{0B35BC9B-F9FB-4841-AB75-2F8594114014}.Debug|Any CPU.Build.0 = Debug|Any CPU
		{0B35BC9B-F9FB-4841-AB75-2F8594114014}.Release|Any CPU.ActiveCfg = Release|Any CPU
		{0B35BC9B-F9FB-4841-AB75-2F8594114014}.Release|Any CPU.Build.0 = Release|Any CPU
		{43A94D4C-33BA-4834-8716-BE7FF4AB8218}.Debug|Any CPU.ActiveCfg = Debug|Any CPU
		{43A94D4C-33BA-4834-8716-BE7FF4AB8218}.Debug|Any CPU.Build.0 = Debug|Any CPU
		{43A94D4C-33BA-4834-8716-BE7FF4AB8218}.Release|Any CPU.ActiveCfg = Release|Any CPU
		{43A94D4C-33BA-4834-8716-BE7FF4AB8218}.Release|Any CPU.Build.0 = Release|Any CPU
		{F10D748D-154A-4F0C-990F-74B1E3B130CE}.Debug|Any CPU.ActiveCfg = Debug|Any CPU
		{F10D748D-154A-4F0C-990F-74B1E3B130CE}.Debug|Any CPU.Build.0 = Debug|Any CPU
		{F10D748D-154A-4F0C-990F-74B1E3B130CE}.Release|Any CPU.ActiveCfg = Release|Any CPU
		{F10D748D-154A-4F0C-990F-74B1E3B130CE}.Release|Any CPU.Build.0 = Release|Any CPU
		{3E64A4CE-8162-43B0-85F4-08445ACE1193}.Debug|Any CPU.ActiveCfg = Debug|Any CPU
		{3E64A4CE-8162-43B0-85F4-08445ACE1193}.Debug|Any CPU.Build.0 = Debug|Any CPU
		{3E64A4CE-8162-43B0-85F4-08445ACE1193}.Release|Any CPU.ActiveCfg = Release|Any CPU
		{3E64A4CE-8162-43B0-85F4-08445ACE1193}.Release|Any CPU.Build.0 = Release|Any CPU
	EndGlobalSection
	GlobalSection(SolutionProperties) = preSolution
		HideSolutionNode = FALSE
	EndGlobalSection
	GlobalSection(ExtensibilityGlobals) = postSolution
		SolutionGuid = {4554AE4C-7EF9-4B90-B207-83559254BFC9}
	EndGlobalSection
EndGlobal
